
Microsoft Visual Studio Solution File, Format Version 12.00
# Visual Studio 15
VisualStudioVersion = 15.0.28307.168
MinimumVisualStudioVersion = 10.0.40219.1
Project("{9A19103F-16F7-4668-BE54-9A1E7A4F7556}") = "Zoo", "Zoo\Zoo.csproj", "{56D0754E-D16C-4985-AA23-C21A6A103DAA}"
EndProject
Global
	GlobalSection(SolutionConfigurationPlatforms) = preSolution
		Debug|Any CPU = Debug|Any CPU
		Release|Any CPU = Release|Any CPU
	EndGlobalSection
	GlobalSection(ProjectConfigurationPlatforms) = postSolution
		{56D0754E-D16C-4985-AA23-C21A6A103DAA}.Debug|Any CPU.ActiveCfg = Debug|Any CPU
		{56D0754E-D16C-4985-AA23-C21A6A103DAA}.Debug|Any CPU.Build.0 = Debug|Any CPU
		{56D0754E-D16C-4985-AA23-C21A6A103DAA}.Release|Any CPU.ActiveCfg = Release|Any CPU
		{56D0754E-D16C-4985-AA23-C21A6A103DAA}.Release|Any CPU.Build.0 = Release|Any CPU
	EndGlobalSection
	GlobalSection(SolutionProperties) = preSolution
		HideSolutionNode = FALSE
	EndGlobalSection
	GlobalSection(ExtensibilityGlobals) = postSolution
		SolutionGuid = {73D20647-9E53-425F-9E5E-19A3C69EE804}
	EndGlobalSection
EndGlobal
